
Microsoft Visual Studio Solution File, Format Version 12.00
# Visual Studio Version 17
VisualStudioVersion = 17.4.33122.133
MinimumVisualStudioVersion = 10.0.40219.1
Project("{FAE04EC0-301F-11D3-BF4B-00C04F79EFBC}") = "newGit12", "newGit12\newGit12.csproj", "{3C1199B0-85E5-4A4C-9EF8-A68C044A6515}"
EndProject
Global
	GlobalSection(SolutionConfigurationPlatforms) = preSolution
		Debug|Any CPU = Debug|Any CPU
		Release|Any CPU = Release|Any CPU
	EndGlobalSection
	GlobalSection(ProjectConfigurationPlatforms) = postSolution
		{3C1199B0-85E5-4A4C-9EF8-A68C044A6515}.Debug|Any CPU.ActiveCfg = Debug|Any CPU
		{3C1199B0-85E5-4A4C-9EF8-A68C044A6515}.Debug|Any CPU.Build.0 = Debug|Any CPU
		{3C1199B0-85E5-4A4C-9EF8-A68C044A6515}.Release|Any CPU.ActiveCfg = Release|Any CPU
		{3C1199B0-85E5-4A4C-9EF8-A68C044A6515}.Release|Any CPU.Build.0 = Release|Any CPU
	EndGlobalSection
	GlobalSection(SolutionProperties) = preSolution
		HideSolutionNode = FALSE
	EndGlobalSection
	GlobalSection(ExtensibilityGlobals) = postSolution
		SolutionGuid = {428FABA2-4FFE-4A02-AC95-498820B5A4A6}
	EndGlobalSection
EndGlobal
